
Microsoft Visual Studio Solution File, Format Version 12.00
# Visual Studio 15
VisualStudioVersion = 15.0.27703.2000
MinimumVisualStudioVersion = 10.0.40219.1
Project("{FAE04EC0-301F-11D3-BF4B-00C04F79EFBC}") = "OOPPractice", "ConsoleApp1\OOPPractice.csproj", "{497B125E-7D4C-4B6C-B2D5-674AD6FC723E}"
EndProject
Global
	GlobalSection(SolutionConfigurationPlatforms) = preSolution
		Debug|Any CPU = Debug|Any CPU
		Release|Any CPU = Release|Any CPU
	EndGlobalSection
	GlobalSection(ProjectConfigurationPlatforms) = postSolution
		{497B125E-7D4C-4B6C-B2D5-674AD6FC723E}.Debug|Any CPU.ActiveCfg = Debug|Any CPU
		{497B125E-7D4C-4B6C-B2D5-674AD6FC723E}.Debug|Any CPU.Build.0 = Debug|Any CPU
		{497B125E-7D4C-4B6C-B2D5-674AD6FC723E}.Release|Any CPU.ActiveCfg = Release|Any CPU
		{497B125E-7D4C-4B6C-B2D5-674AD6FC723E}.Release|Any CPU.Build.0 = Release|Any CPU
	EndGlobalSection
	GlobalSection(SolutionProperties) = preSolution
		HideSolutionNode = FALSE
	EndGlobalSection
	GlobalSection(ExtensibilityGlobals) = postSolution
		SolutionGuid = {E632EE1E-0376-4BBD-A0C3-DAC978F0043B}
	EndGlobalSection
EndGlobal
